PODS:
  - GoogleMaps/Base (3.8.0)
  - GooglePlaces (3.8.0):
    - GoogleMaps/Base (= 3.8.0)
  - JTAppleCalendar (7.1.8)

DEPENDENCIES:
  - GooglePlaces
  - JTAppleCalendar (~> 7.1.7)

SPEC REPOS:
  https://github.com/CocoaPods/Specs.git:
    - GoogleMaps
    - GooglePlaces
    - JTAppleCalendar

SPEC CHECKSUMS:
  GoogleMaps: 7c8d66d70e4e8c300f43a7219d8fdaad7b325a9a
  GooglePlaces: d5f70c3e9e427964fdeca1301a665d276ccd8754
  JTAppleCalendar: b7fb40852f5f319fe55c8ec3861f1de0edc99cc8

PODFILE CHECKSUM: 5064d01afef0e9a630d4bc3dbad8a472c81aa5ee

COCOAPODS: 1.8.4
