// !$*UTF8*$!
{
	archiveVersion = 1;
	classes = {
	};
	objectVersion = 51;
	objects = {

/* Begin PBXBuildFile section */
		9E347888243A4CBD00CB60D8 /* SettingsViewController.swift in Sources */ = {isa = PBXBuildFile; fileRef = 9E347887243A4CBD00CB60D8 /* SettingsViewController.swift */; };
		9E58E43D2409E3C50002B496 /* EditLocationViewController.swift in Sources */ = {isa = PBXBuildFile; fileRef = 9E58E43C2409E3C50002B496 /* EditLocationViewController.swift */; };
		9E63366D23D5422400468158 /* AppDelegate.swift in Sources */ = {isa = PBXBuildFile; fileRef = 9E63366C23D5422400468158 /* AppDelegate.swift */; };
		9E63366F23D5422400468158 /* SceneDelegate.swift in Sources */ = {isa = PBXBuildFile; fileRef = 9E63366E23D5422400468158 /* SceneDelegate.swift */; };
		9E63367423D5422400468158 /* Main.storyboard in Resources */ = {isa = PBXBuildFile; fileRef = 9E63367223D5422400468158 /* Main.storyboard */; };
		9E63367623D5422700468158 /* Assets.xcassets in Resources */ = {isa = PBXBuildFile; fileRef = 9E63367523D5422700468158 /* Assets.xcassets */; };
		9E63367923D5422700468158 /* LaunchScreen.storyboard in Resources */ = {isa = PBXBuildFile; fileRef = 9E63367723D5422700468158 /* LaunchScreen.storyboard */; };
		9E63368123D5478700468158 /* WeatherListViewController.swift in Sources */ = {isa = PBXBuildFile; fileRef = 9E63368023D5478700468158 /* WeatherListViewController.swift */; };
		9E63368323D54CE900468158 /* DayCell.xib in Resources */ = {isa = PBXBuildFile; fileRef = 9E63368223D54CE900468158 /* DayCell.xib */; };
		9E63368523D624ED00468158 /* DayCell.swift in Sources */ = {isa = PBXBuildFile; fileRef = 9E63368423D624ED00468158 /* DayCell.swift */; };
		9E63368923D62DD100468158 /* Default-568h@2x.png in Resources */ = {isa = PBXBuildFile; fileRef = 9E63368823D62DD100468158 /* Default-568h@2x.png */; };
		9E6FD5C7245A03DE00D42DF8 /* ColorSettingsViewController.swift in Sources */ = {isa = PBXBuildFile; fileRef = 9E6FD5C6245A03DE00D42DF8 /* ColorSettingsViewController.swift */; };
		9E6FD5CD245B54DC00D42DF8 /* ColorSettingsCell.swift in Sources */ = {isa = PBXBuildFile; fileRef = 9E6FD5CC245B54DC00D42DF8 /* ColorSettingsCell.swift */; };
		9E89C37423E654AD00922C68 /* ForecastResult.swift in Sources */ = {isa = PBXBuildFile; fileRef = 9E89C37323E654AD00922C68 /* ForecastResult.swift */; };
		9E8DACE42422ABDF00159E82 /* Day+CoreDataClass.swift in Sources */ = {isa = PBXBuildFile; fileRef = 9E8DACE32422ABDF00159E82 /* Day+CoreDataClass.swift */; };
		9E8DACE52422ABDF00159E82 /* Day+CoreDataProperties.swift in Sources */ = {isa = PBXBuildFile; fileRef = 9E8DACE22422ABDF00159E82 /* Day+CoreDataProperties.swift */; };
		9E8DACE72422BF4A00159E82 /* DateHelper.swift in Sources */ = {isa = PBXBuildFile; fileRef = 9E8DACE62422BF4A00159E82 /* DateHelper.swift */; };
		9EA007A3245B8902008A4CF0 /* ColorPickerViewController.swift in Sources */ = {isa = PBXBuildFile; fileRef = 9EA007A2245B8902008A4CF0 /* ColorPickerViewController.swift */; };
		9EB43D4523EF3A0B00933D21 /* DateCell.swift in Sources */ = {isa = PBXBuildFile; fileRef = 9EB43D4423EF3A0B00933D21 /* DateCell.swift */; };
		9EC5939F23DA963E00E42793 /* Constants.swift in Sources */ = {isa = PBXBuildFile; fileRef = 9EC5939E23DA963E00E42793 /* Constants.swift */; };
		9EC593A123DCD5F600E42793 /* StateController.swift in Sources */ = {isa = PBXBuildFile; fileRef = 9EC593A023DCD5F500E42793 /* StateController.swift */; };
		9EC69D6923E8F5260051722D /* NetworkController.swift in Sources */ = {isa = PBXBuildFile; fileRef = 9EC69D6823E8F5260051722D /* NetworkController.swift */; };
		9EC69D6B23EBB7070051722D /* ScheduleViewController.swift in Sources */ = {isa = PBXBuildFile; fileRef = 9EC69D6A23EBB7070051722D /* ScheduleViewController.swift */; };
		9EC69D6D23EBBE5A0051722D /* TabBarController.swift in Sources */ = {isa = PBXBuildFile; fileRef = 9EC69D6C23EBBE5A0051722D /* TabBarController.swift */; };
		9EECD190245CBC8B00161F87 /* ColorPalette.swift in Sources */ = {isa = PBXBuildFile; fileRef = 9EECD18F245CBC8B00161F87 /* ColorPalette.swift */; };
		9EFB9B12241FF6F80042776D /* StorageController.swift in Sources */ = {isa = PBXBuildFile; fileRef = 9EFB9B11241FF6F80042776D /* StorageController.swift */; };
		9EFB9B15242019700042776D /* TravelWeather.xcdatamodeld in Sources */ = {isa = PBXBuildFile; fileRef = 9EFB9B13242019700042776D /* TravelWeather.xcdatamodeld */; };
		D76157E9FCDD6B70A87FE0E9 /* libPods-travel-weather.a in Frameworks */ = {isa = PBXBuildFile; fileRef = 8A18F3C440FB00117E25BC65 /* libPods-travel-weather.a */; };
/* End PBXBuildFile section */

/* Begin PBXCopyFilesBuildPhase section */
		9E3478822439275E00CB60D8 /* Embed Frameworks */ = {
			isa = PBXCopyFilesBuildPhase;
			buildActionMask = 2147483647;
			dstPath = "";
			dstSubfolderSpec = 10;
			files = (
			);
			name = "Embed Frameworks";
			runOnlyForDeploymentPostprocessing = 0;
		};
/* End PBXCopyFilesBuildPhase section */

/* Begin PBXFileReference section */
		44A8036A27DFF9D5E8F2180C /* Pods-travel-weather.debug.xcconfig */ = {isa = PBXFileReference; includeInIndex = 1; lastKnownFileType = text.xcconfig; name = "Pods-travel-weather.debug.xcconfig"; path = "Target Support Files/Pods-travel-weather/Pods-travel-weather.debug.xcconfig"; sourceTree = "<group>"; };
		74CBD53015A58807D8567366 /* Pods-travel-weather.release.xcconfig */ = {isa = PBXFileReference; includeInIndex = 1; lastKnownFileType = text.xcconfig; name = "Pods-travel-weather.release.xcconfig"; path = "Target Support Files/Pods-travel-weather/Pods-travel-weather.release.xcconfig"; sourceTree = "<group>"; };
		8A18F3C440FB00117E25BC65 /* libPods-travel-weather.a */ = {isa = PBXFileReference; explicitFileType = archive.ar; includeInIndex = 0; path = "libPods-travel-weather.a"; sourceTree = BUILT_PRODUCTS_DIR; };
		9E3478832439276400CB60D8 /* Pods_travel_weather.framework */ = {isa = PBXFileReference; explicitFileType = wrapper.framework; path = Pods_travel_weather.framework; sourceTree = BUILT_PRODUCTS_DIR; };
		9E347887243A4CBD00CB60D8 /* SettingsViewController.swift */ = {isa = PBXFileReference; lastKnownFileType = sourcecode.swift; path = SettingsViewController.swift; sourceTree = "<group>"; };
		9E58E43C2409E3C50002B496 /* EditLocationViewController.swift */ = {isa = PBXFileReference; lastKnownFileType = sourcecode.swift; path = EditLocationViewController.swift; sourceTree = "<group>"; };
		9E63366923D5422400468158 /* Travel Weather.app */ = {isa = PBXFileReference; explicitFileType = wrapper.application; includeInIndex = 0; path = "Travel Weather.app"; sourceTree = BUILT_PRODUCTS_DIR; };
		9E63366C23D5422400468158 /* AppDelegate.swift */ = {isa = PBXFileReference; lastKnownFileType = sourcecode.swift; path = AppDelegate.swift; sourceTree = "<group>"; };
		9E63366E23D5422400468158 /* SceneDelegate.swift */ = {isa = PBXFileReference; lastKnownFileType = sourcecode.swift; path = SceneDelegate.swift; sourceTree = "<group>"; };
		9E63367323D5422400468158 /* Base */ = {isa = PBXFileReference; lastKnownFileType = file.storyboard; name = Base; path = Base.lproj/Main.storyboard; sourceTree = "<group>"; };
		9E63367523D5422700468158 /* Assets.xcassets */ = {isa = PBXFileReference; lastKnownFileType = folder.assetcatalog; name = Assets.xcassets; path = Resources/Assets.xcassets; sourceTree = "<group>"; };
		9E63367823D5422700468158 /* Base */ = {isa = PBXFileReference; lastKnownFileType = file.storyboard; name = Base; path = Base.lproj/LaunchScreen.storyboard; sourceTree = "<group>"; };
		9E63367A23D5422700468158 /* Info.plist */ = {isa = PBXFileReference; lastKnownFileType = text.plist; name = Info.plist; path = ../Info.plist; sourceTree = "<group>"; };
		9E63368023D5478700468158 /* WeatherListViewController.swift */ = {isa = PBXFileReference; lastKnownFileType = sourcecode.swift; path = WeatherListViewController.swift; sourceTree = "<group>"; };
		9E63368223D54CE900468158 /* DayCell.xib */ = {isa = PBXFileReference; lastKnownFileType = file.xib; path = DayCell.xib; sourceTree = "<group>"; };
		9E63368423D624ED00468158 /* DayCell.swift */ = {isa = PBXFileReference; lastKnownFileType = sourcecode.swift; path = DayCell.swift; sourceTree = "<group>"; };
		9E63368823D62DD100468158 /* Default-568h@2x.png */ = {isa = PBXFileReference; lastKnownFileType = image.png; path = "Default-568h@2x.png"; sourceTree = "<group>"; };
		9E6FD5C6245A03DE00D42DF8 /* ColorSettingsViewController.swift */ = {isa = PBXFileReference; lastKnownFileType = sourcecode.swift; path = ColorSettingsViewController.swift; sourceTree = "<group>"; };
		9E6FD5CC245B54DC00D42DF8 /* ColorSettingsCell.swift */ = {isa = PBXFileReference; lastKnownFileType = sourcecode.swift; path = ColorSettingsCell.swift; sourceTree = "<group>"; };
		9E89C37323E654AD00922C68 /* ForecastResult.swift */ = {isa = PBXFileReference; lastKnownFileType = sourcecode.swift; path = ForecastResult.swift; sourceTree = "<group>"; };
		9E8DACE22422ABDF00159E82 /* Day+CoreDataProperties.swift */ = {isa = PBXFileReference; lastKnownFileType = sourcecode.swift; name = "Day+CoreDataProperties.swift"; path = "/Users/rsajedian/Desktop/travel-weather/travel-weather/Data Models/Day+CoreDataProperties.swift"; sourceTree = "<absolute>"; };
		9E8DACE32422ABDF00159E82 /* Day+CoreDataClass.swift */ = {isa = PBXFileReference; lastKnownFileType = sourcecode.swift; name = "Day+CoreDataClass.swift"; path = "/Users/rsajedian/Desktop/travel-weather/travel-weather/Data Models/Day+CoreDataClass.swift"; sourceTree = "<absolute>"; };
		9E8DACE62422BF4A00159E82 /* DateHelper.swift */ = {isa = PBXFileReference; lastKnownFileType = sourcecode.swift; path = DateHelper.swift; sourceTree = "<group>"; };
		9EA007A2245B8902008A4CF0 /* ColorPickerViewController.swift */ = {isa = PBXFileReference; lastKnownFileType = sourcecode.swift; path = ColorPickerViewController.swift; sourceTree = "<group>"; };
		9EB43D4423EF3A0B00933D21 /* DateCell.swift */ = {isa = PBXFileReference; lastKnownFileType = sourcecode.swift; path = DateCell.swift; sourceTree = "<group>"; };
		9EC5939E23DA963E00E42793 /* Constants.swift */ = {isa = PBXFileReference; lastKnownFileType = sourcecode.swift; name = Constants.swift; path = ../../Constants.swift; sourceTree = "<group>"; };
		9EC593A023DCD5F500E42793 /* StateController.swift */ = {isa = PBXFileReference; lastKnownFileType = sourcecode.swift; path = StateController.swift; sourceTree = "<group>"; };
		9EC69D6823E8F5260051722D /* NetworkController.swift */ = {isa = PBXFileReference; lastKnownFileType = sourcecode.swift; path = NetworkController.swift; sourceTree = "<group>"; };
		9EC69D6A23EBB7070051722D /* ScheduleViewController.swift */ = {isa = PBXFileReference; lastKnownFileType = sourcecode.swift; path = ScheduleViewController.swift; sourceTree = "<group>"; };
		9EC69D6C23EBBE5A0051722D /* TabBarController.swift */ = {isa = PBXFileReference; lastKnownFileType = sourcecode.swift; path = TabBarController.swift; sourceTree = "<group>"; };
		9EECD18F245CBC8B00161F87 /* ColorPalette.swift */ = {isa = PBXFileReference; lastKnownFileType = sourcecode.swift; path = ColorPalette.swift; sourceTree = "<group>"; };
		9EFB9B11241FF6F80042776D /* StorageController.swift */ = {isa = PBXFileReference; lastKnownFileType = sourcecode.swift; path = StorageController.swift; sourceTree = "<group>"; };
		9EFB9B14242019700042776D /* TravelWeather.xcdatamodel */ = {isa = PBXFileReference; lastKnownFileType = wrapper.xcdatamodel; path = TravelWeather.xcdatamodel; sourceTree = "<group>"; };
/* End PBXFileReference section */

/* Begin PBXFrameworksBuildPhase section */
		9E63366623D5422400468158 /* Frameworks */ = {
			isa = PBXFrameworksBuildPhase;
			buildActionMask = 2147483647;
			files = (
				D76157E9FCDD6B70A87FE0E9 /* libPods-travel-weather.a in Frameworks */,
			);
			runOnlyForDeploymentPostprocessing = 0;
		};
/* End PBXFrameworksBuildPhase section */

/* Begin PBXGroup section */
		16F61348C332068BC4AFEFFD /* Frameworks */ = {
			isa = PBXGroup;
			children = (
				8A18F3C440FB00117E25BC65 /* libPods-travel-weather.a */,
			);
			name = Frameworks;
			sourceTree = "<group>";
		};
		7A50311EAF66C5C145462CB7 /* Pods */ = {
			isa = PBXGroup;
			children = (
				44A8036A27DFF9D5E8F2180C /* Pods-travel-weather.debug.xcconfig */,
				74CBD53015A58807D8567366 /* Pods-travel-weather.release.xcconfig */,
			);
			path = Pods;
			sourceTree = "<group>";
		};
		9E34788624392EB000CB60D8 /* Recovered References */ = {
			isa = PBXGroup;
			children = (
				9E3478832439276400CB60D8 /* Pods_travel_weather.framework */,
			);
			name = "Recovered References";
			sourceTree = "<group>";
		};
		9E63366023D5422400468158 = {
			isa = PBXGroup;
			children = (
				9E63368823D62DD100468158 /* Default-568h@2x.png */,
				9E63366B23D5422400468158 /* travel-weather */,
				9E63366A23D5422400468158 /* Products */,
				7A50311EAF66C5C145462CB7 /* Pods */,
				16F61348C332068BC4AFEFFD /* Frameworks */,
				9E34788624392EB000CB60D8 /* Recovered References */,
			);
			sourceTree = "<group>";
		};
		9E63366A23D5422400468158 /* Products */ = {
			isa = PBXGroup;
			children = (
				9E63366923D5422400468158 /* Travel Weather.app */,
			);
			name = Products;
			sourceTree = "<group>";
		};
		9E63366B23D5422400468158 /* travel-weather */ = {
			isa = PBXGroup;
			children = (
				9E63367523D5422700468158 /* Assets.xcassets */,
				9E63368D23D6405E00468158 /* Data Models */,
				9EC593A223DCD6A100E42793 /* Model Controllers */,
				9E63368E23D640A800468158 /* View Controllers */,
				9EC5939B23DA8FD600E42793 /* Table View Cells */,
				9E63368F23D640C900468158 /* Resources */,
			);
			path = "travel-weather";
			sourceTree = "<group>";
		};
		9E63368D23D6405E00468158 /* Data Models */ = {
			isa = PBXGroup;
			children = (
				9E8DACE32422ABDF00159E82 /* Day+CoreDataClass.swift */,
				9E8DACE22422ABDF00159E82 /* Day+CoreDataProperties.swift */,
				9E89C37323E654AD00922C68 /* ForecastResult.swift */,
			);
			path = "Data Models";
			sourceTree = "<group>";
		};
		9E63368E23D640A800468158 /* View Controllers */ = {
			isa = PBXGroup;
			children = (
				9E63368023D5478700468158 /* WeatherListViewController.swift */,
				9EC69D6A23EBB7070051722D /* ScheduleViewController.swift */,
				9E58E43C2409E3C50002B496 /* EditLocationViewController.swift */,
				9E6FD5C6245A03DE00D42DF8 /* ColorSettingsViewController.swift */,
				9E347887243A4CBD00CB60D8 /* SettingsViewController.swift */,
				9EC69D6C23EBBE5A0051722D /* TabBarController.swift */,
				9EA007A2245B8902008A4CF0 /* ColorPickerViewController.swift */,
			);
			path = "View Controllers";
			sourceTree = "<group>";
		};
		9E63368F23D640C900468158 /* Resources */ = {
			isa = PBXGroup;
			children = (
				9EECD18F245CBC8B00161F87 /* ColorPalette.swift */,
				9E8DACE62422BF4A00159E82 /* DateHelper.swift */,
				9EC5939E23DA963E00E42793 /* Constants.swift */,
				9E63367223D5422400468158 /* Main.storyboard */,
				9E63367723D5422700468158 /* LaunchScreen.storyboard */,
				9E63366E23D5422400468158 /* SceneDelegate.swift */,
				9E63366C23D5422400468158 /* AppDelegate.swift */,
				9E63367A23D5422700468158 /* Info.plist */,
				9EFB9B13242019700042776D /* TravelWeather.xcdatamodeld */,
			);
			path = Resources;
			sourceTree = "<group>";
		};
		9EC5939B23DA8FD600E42793 /* Table View Cells */ = {
			isa = PBXGroup;
			children = (
				9E63368223D54CE900468158 /* DayCell.xib */,
				9E63368423D624ED00468158 /* DayCell.swift */,
				9EB43D4423EF3A0B00933D21 /* DateCell.swift */,
				9E6FD5CC245B54DC00D42DF8 /* ColorSettingsCell.swift */,
			);
			path = "Table View Cells";
			sourceTree = "<group>";
		};
		9EC593A223DCD6A100E42793 /* Model Controllers */ = {
			isa = PBXGroup;
			children = (
				9EC593A023DCD5F500E42793 /* StateController.swift */,
				9EC69D6823E8F5260051722D /* NetworkController.swift */,
				9EFB9B11241FF6F80042776D /* StorageController.swift */,
			);
			path = "Model Controllers";
			sourceTree = "<group>";
		};
/* End PBXGroup section */

/* Begin PBXNativeTarget section */
		9E63366823D5422400468158 /* travel-weather */ = {
			isa = PBXNativeTarget;
			buildConfigurationList = 9E63367D23D5422700468158 /* Build configuration list for PBXNativeTarget "travel-weather" */;
			buildPhases = (
				5B97C1112C2B3E0373184E6A /* [CP] Check Pods Manifest.lock */,
				9E63366523D5422400468158 /* Sources */,
				9E63366623D5422400468158 /* Frameworks */,
				9E63366723D5422400468158 /* Resources */,
				C1CEB111A22E5EA8428CF792 /* [CP] Copy Pods Resources */,
				9E3478822439275E00CB60D8 /* Embed Frameworks */,
			);
			buildRules = (
			);
			dependencies = (
			);
			name = "travel-weather";
			productName = "Travel Weather";
			productReference = 9E63366923D5422400468158 /* Travel Weather.app */;
			productType = "com.apple.product-type.application";
		};
/* End PBXNativeTarget section */

/* Begin PBXProject section */
		9E63366123D5422400468158 /* Project object */ = {
			isa = PBXProject;
			attributes = {
				LastSwiftUpdateCheck = 1120;
				LastUpgradeCheck = 1120;
				ORGANIZATIONNAME = "Renee Sajedian";
				TargetAttributes = {
					9E63366823D5422400468158 = {
						CreatedOnToolsVersion = 11.2.1;
					};
				};
			};
			buildConfigurationList = 9E63366423D5422400468158 /* Build configuration list for PBXProject "travel-weather" */;
			compatibilityVersion = "Xcode 9.3";
			developmentRegion = en;
			hasScannedForEncodings = 0;
			knownRegions = (
				en,
				Base,
			);
			mainGroup = 9E63366023D5422400468158;
			productRefGroup = 9E63366A23D5422400468158 /* Products */;
			projectDirPath = "";
			projectRoot = "";
			targets = (
				9E63366823D5422400468158 /* travel-weather */,
			);
		};
/* End PBXProject section */

/* Begin PBXResourcesBuildPhase section */
		9E63366723D5422400468158 /* Resources */ = {
			isa = PBXResourcesBuildPhase;
			buildActionMask = 2147483647;
			files = (
				9E63367923D5422700468158 /* LaunchScreen.storyboard in Resources */,
				9E63368323D54CE900468158 /* DayCell.xib in Resources */,
				9E63367623D5422700468158 /* Assets.xcassets in Resources */,
				9E63368923D62DD100468158 /* Default-568h@2x.png in Resources */,
				9E63367423D5422400468158 /* Main.storyboard in Resources */,
			);
			runOnlyForDeploymentPostprocessing = 0;
		};
/* End PBXResourcesBuildPhase section */

/* Begin PBXShellScriptBuildPhase section */
		5B97C1112C2B3E0373184E6A /* [CP] Check Pods Manifest.lock */ = {
			isa = PBXShellScriptBuildPhase;
			buildActionMask = 2147483647;
			files = (
			);
			inputFileListPaths = (
			);
			inputPaths = (
				"${PODS_PODFILE_DIR_PATH}/Podfile.lock",
				"${PODS_ROOT}/Manifest.lock",
			);
			name = "[CP] Check Pods Manifest.lock";
			outputFileListPaths = (
			);
			outputPaths = (
				"$(DERIVED_FILE_DIR)/Pods-travel-weather-checkManifestLockResult.txt",
			);
			runOnlyForDeploymentPostprocessing = 0;
			shellPath = /bin/sh;
			shellScript = "diff \"${PODS_PODFILE_DIR_PATH}/Podfile.lock\" \"${PODS_ROOT}/Manifest.lock\" > /dev/null\nif [ $? != 0 ] ; then\n    # print error to STDERR\n    echo \"error: The sandbox is not in sync with the Podfile.lock. Run 'pod install' or update your CocoaPods installation.\" >&2\n    exit 1\nfi\n# This output is used by Xcode 'outputs' to avoid re-running this script phase.\necho \"SUCCESS\" > \"${SCRIPT_OUTPUT_FILE_0}\"\n";
			showEnvVarsInLog = 0;
		};
		C1CEB111A22E5EA8428CF792 /* [CP] Copy Pods Resources */ = {
			isa = PBXShellScriptBuildPhase;
			buildActionMask = 2147483647;
			files = (
			);
			inputFileListPaths = (
				"${PODS_ROOT}/Target Support Files/Pods-travel-weather/Pods-travel-weather-resources-${CONFIGURATION}-input-files.xcfilelist",
			);
			name = "[CP] Copy Pods Resources";
			outputFileListPaths = (
				"${PODS_ROOT}/Target Support Files/Pods-travel-weather/Pods-travel-weather-resources-${CONFIGURATION}-output-files.xcfilelist",
			);
			runOnlyForDeploymentPostprocessing = 0;
			shellPath = /bin/sh;
			shellScript = "\"${PODS_ROOT}/Target Support Files/Pods-travel-weather/Pods-travel-weather-resources.sh\"\n";
			showEnvVarsInLog = 0;
		};
/* End PBXShellScriptBuildPhase section */

/* Begin PBXSourcesBuildPhase section */
		9E63366523D5422400468158 /* Sources */ = {
			isa = PBXSourcesBuildPhase;
			buildActionMask = 2147483647;
			files = (
				9EC69D6B23EBB7070051722D /* ScheduleViewController.swift in Sources */,
				9E63368123D5478700468158 /* WeatherListViewController.swift in Sources */,
				9E6FD5CD245B54DC00D42DF8 /* ColorSettingsCell.swift in Sources */,
				9EC69D6D23EBBE5A0051722D /* TabBarController.swift in Sources */,
				9E63368523D624ED00468158 /* DayCell.swift in Sources */,
				9E8DACE42422ABDF00159E82 /* Day+CoreDataClass.swift in Sources */,
				9E347888243A4CBD00CB60D8 /* SettingsViewController.swift in Sources */,
				9EECD190245CBC8B00161F87 /* ColorPalette.swift in Sources */,
				9EFB9B12241FF6F80042776D /* StorageController.swift in Sources */,
				9EFB9B15242019700042776D /* TravelWeather.xcdatamodeld in Sources */,
				9EC5939F23DA963E00E42793 /* Constants.swift in Sources */,
				9E58E43D2409E3C50002B496 /* EditLocationViewController.swift in Sources */,
				9E8DACE52422ABDF00159E82 /* Day+CoreDataProperties.swift in Sources */,
				9E89C37423E654AD00922C68 /* ForecastResult.swift in Sources */,
				9EB43D4523EF3A0B00933D21 /* DateCell.swift in Sources */,
				9EC593A123DCD5F600E42793 /* StateController.swift in Sources */,
				9E63366D23D5422400468158 /* AppDelegate.swift in Sources */,
				9E8DACE72422BF4A00159E82 /* DateHelper.swift in Sources */,
				9EA007A3245B8902008A4CF0 /* ColorPickerViewController.swift in Sources */,
				9E63366F23D5422400468158 /* SceneDelegate.swift in Sources */,
				9E6FD5C7245A03DE00D42DF8 /* ColorSettingsViewController.swift in Sources */,
				9EC69D6923E8F5260051722D /* NetworkController.swift in Sources */,
			);
			runOnlyForDeploymentPostprocessing = 0;
		};
/* End PBXSourcesBuildPhase section */

/* Begin PBXVariantGroup section */
		9E63367223D5422400468158 /* Main.storyboard */ = {
			isa = PBXVariantGroup;
			children = (
				9E63367323D5422400468158 /* Base */,
			);
			name = Main.storyboard;
			sourceTree = "<group>";
		};
		9E63367723D5422700468158 /* LaunchScreen.storyboard */ = {
			isa = PBXVariantGroup;
			children = (
				9E63367823D5422700468158 /* Base */,
			);
			name = LaunchScreen.storyboard;
			sourceTree = "<group>";
		};
/* End PBXVariantGroup section */

/* Begin XCBuildConfiguration section */
		9E63367B23D5422700468158 /* Debug */ = {
			isa = XCBuildConfiguration;
			buildSettings = {
				ALWAYS_SEARCH_USER_PATHS = NO;
				CLANG_ANALYZER_NONNULL = YES;
				CLANG_ANALYZER_NUMBER_OBJECT_CONVERSION = YES_AGGRESSIVE;
				CLANG_CXX_LANGUAGE_STANDARD = "gnu++14";
				CLANG_CXX_LIBRARY = "libc++";
				CLANG_ENABLE_MODULES = YES;
				CLANG_ENABLE_OBJC_ARC = YES;
				CLANG_ENABLE_OBJC_WEAK = YES;
				CLANG_WARN_BLOCK_CAPTURE_AUTORELEASING = YES;
				CLANG_WARN_BOOL_CONVERSION = YES;
				CLANG_WARN_COMMA = YES;
				CLANG_WARN_CONSTANT_CONVERSION = YES;
				CLANG_WARN_DEPRECATED_OBJC_IMPLEMENTATIONS = YES;
				CLANG_WARN_DIRECT_OBJC_ISA_USAGE = YES_ERROR;
				CLANG_WARN_DOCUMENTATION_COMMENTS = YES;
				CLANG_WARN_EMPTY_BODY = YES;
				CLANG_WARN_ENUM_CONVERSION = YES;
				CLANG_WARN_INFINITE_RECURSION = YES;
				CLANG_WARN_INT_CONVERSION = YES;
				CLANG_WARN_NON_LITERAL_NULL_CONVERSION = YES;
				CLANG_WARN_OBJC_IMPLICIT_RETAIN_SELF = YES;
				CLANG_WARN_OBJC_LITERAL_CONVERSION = YES;
				CLANG_WARN_OBJC_ROOT_CLASS = YES_ERROR;
				CLANG_WARN_RANGE_LOOP_ANALYSIS = YES;
				CLANG_WARN_STRICT_PROTOTYPES = YES;
				CLANG_WARN_SUSPICIOUS_MOVE = YES;
				CLANG_WARN_UNGUARDED_AVAILABILITY = YES_AGGRESSIVE;
				CLANG_WARN_UNREACHABLE_CODE = YES;
				CLANG_WARN__DUPLICATE_METHOD_MATCH = YES;
				COPY_PHASE_STRIP = NO;
				DEBUG_INFORMATION_FORMAT = dwarf;
				ENABLE_STRICT_OBJC_MSGSEND = YES;
				ENABLE_TESTABILITY = YES;
				GCC_C_LANGUAGE_STANDARD = gnu11;
				GCC_DYNAMIC_NO_PIC = NO;
				GCC_NO_COMMON_BLOCKS = YES;
				GCC_OPTIMIZATION_LEVEL = 0;
				GCC_PREPROCESSOR_DEFINITIONS = (
					"DEBUG=1",
					"$(inherited)",
				);
				GCC_WARN_64_TO_32_BIT_CONVERSION = YES;
				GCC_WARN_ABOUT_RETURN_TYPE = YES_ERROR;
				GCC_WARN_UNDECLARED_SELECTOR = YES;
				GCC_WARN_UNINITIALIZED_AUTOS = YES_AGGRESSIVE;
				GCC_WARN_UNUSED_FUNCTION = YES;
				GCC_WARN_UNUSED_VARIABLE = YES;
				IPHONEOS_DEPLOYMENT_TARGET = 13.2;
				MTL_ENABLE_DEBUG_INFO = INCLUDE_SOURCE;
				MTL_FAST_MATH = YES;
				ONLY_ACTIVE_ARCH = YES;
				SDKROOT = iphoneos;
				SWIFT_ACTIVE_COMPILATION_CONDITIONS = DEBUG;
				SWIFT_OPTIMIZATION_LEVEL = "-Onone";
			};
			name = Debug;
		};
		9E63367C23D5422700468158 /* Release */ = {
			isa = XCBuildConfiguration;
			buildSettings = {
				ALWAYS_SEARCH_USER_PATHS = NO;
				CLANG_ANALYZER_NONNULL = YES;
				CLANG_ANALYZER_NUMBER_OBJECT_CONVERSION = YES_AGGRESSIVE;
				CLANG_CXX_LANGUAGE_STANDARD = "gnu++14";
				CLANG_CXX_LIBRARY = "libc++";
				CLANG_ENABLE_MODULES = YES;
				CLANG_ENABLE_OBJC_ARC = YES;
				CLANG_ENABLE_OBJC_WEAK = YES;
				CLANG_WARN_BLOCK_CAPTURE_AUTORELEASING = YES;
				CLANG_WARN_BOOL_CONVERSION = YES;
				CLANG_WARN_COMMA = YES;
				CLANG_WARN_CONSTANT_CONVERSION = YES;
				CLANG_WARN_DEPRECATED_OBJC_IMPLEMENTATIONS = YES;
				CLANG_WARN_DIRECT_OBJC_ISA_USAGE = YES_ERROR;
				CLANG_WARN_DOCUMENTATION_COMMENTS = YES;
				CLANG_WARN_EMPTY_BODY = YES;
				CLANG_WARN_ENUM_CONVERSION = YES;
				CLANG_WARN_INFINITE_RECURSION = YES;
				CLANG_WARN_INT_CONVERSION = YES;
				CLANG_WARN_NON_LITERAL_NULL_CONVERSION = YES;
				CLANG_WARN_OBJC_IMPLICIT_RETAIN_SELF = YES;
				CLANG_WARN_OBJC_LITERAL_CONVERSION = YES;
				CLANG_WARN_OBJC_ROOT_CLASS = YES_ERROR;
				CLANG_WARN_RANGE_LOOP_ANALYSIS = YES;
				CLANG_WARN_STRICT_PROTOTYPES = YES;
				CLANG_WARN_SUSPICIOUS_MOVE = YES;
				CLANG_WARN_UNGUARDED_AVAILABILITY = YES_AGGRESSIVE;
				CLANG_WARN_UNREACHABLE_CODE = YES;
				CLANG_WARN__DUPLICATE_METHOD_MATCH = YES;
				COPY_PHASE_STRIP = NO;
				DEBUG_INFORMATION_FORMAT = "dwarf-with-dsym";
				ENABLE_NS_ASSERTIONS = NO;
				ENABLE_STRICT_OBJC_MSGSEND = YES;
				GCC_C_LANGUAGE_STANDARD = gnu11;
				GCC_NO_COMMON_BLOCKS = YES;
				GCC_WARN_64_TO_32_BIT_CONVERSION = YES;
				GCC_WARN_ABOUT_RETURN_TYPE = YES_ERROR;
				GCC_WARN_UNDECLARED_SELECTOR = YES;
				GCC_WARN_UNINITIALIZED_AUTOS = YES_AGGRESSIVE;
				GCC_WARN_UNUSED_FUNCTION = YES;
				GCC_WARN_UNUSED_VARIABLE = YES;
				IPHONEOS_DEPLOYMENT_TARGET = 13.2;
				MTL_ENABLE_DEBUG_INFO = NO;
				MTL_FAST_MATH = YES;
				SDKROOT = iphoneos;
				SWIFT_COMPILATION_MODE = wholemodule;
				SWIFT_OPTIMIZATION_LEVEL = "-O";
				VALIDATE_PRODUCT = YES;
			};
			name = Release;
		};
		9E63367E23D5422700468158 /* Debug */ = {
			isa = XCBuildConfiguration;
			baseConfigurationReference = 44A8036A27DFF9D5E8F2180C /* Pods-travel-weather.debug.xcconfig */;
			buildSettings = {
				CODE_SIGN_IDENTITY = "Apple Development";
				CODE_SIGN_STYLE = Automatic;
				DEVELOPMENT_TEAM = TLNU8LHLC5;
				INFOPLIST_FILE = "travel-weather/Resources/Info.plist";
				LD_RUNPATH_SEARCH_PATHS = (
					"$(inherited)",
					"@executable_path/Frameworks",
				);
				PRODUCT_BUNDLE_IDENTIFIER = "com.sajedian.Travel-Weather";
				PRODUCT_NAME = "Travel Weather";
				PROVISIONING_PROFILE_SPECIFIER = "";
				SWIFT_VERSION = 5.0;
				TARGETED_DEVICE_FAMILY = "1,2";
			};
			name = Debug;
		};
		9E63367F23D5422700468158 /* Release */ = {
			isa = XCBuildConfiguration;
			baseConfigurationReference = 74CBD53015A58807D8567366 /* Pods-travel-weather.release.xcconfig */;
			buildSettings = {
				CODE_SIGN_IDENTITY = "Apple Development";
				CODE_SIGN_STYLE = Automatic;
				DEVELOPMENT_TEAM = TLNU8LHLC5;
				INFOPLIST_FILE = "travel-weather/Resources/Info.plist";
				LD_RUNPATH_SEARCH_PATHS = (
					"$(inherited)",
					"@executable_path/Frameworks",
				);
				PRODUCT_BUNDLE_IDENTIFIER = "com.sajedian.Travel-Weather";
				PRODUCT_NAME = "Travel Weather";
				PROVISIONING_PROFILE_SPECIFIER = "";
				SWIFT_VERSION = 5.0;
				TARGETED_DEVICE_FAMILY = "1,2";
			};
			name = Release;
		};
/* End XCBuildConfiguration section */

/* Begin XCConfigurationList section */
		9E63366423D5422400468158 /* Build configuration list for PBXProject "travel-weather" */ = {
			isa = XCConfigurationList;
			buildConfigurations = (
				9E63367B23D5422700468158 /* Debug */,
				9E63367C23D5422700468158 /* Release */,
			);
			defaultConfigurationIsVisible = 0;
			defaultConfigurationName = Release;
		};
		9E63367D23D5422700468158 /* Build configuration list for PBXNativeTarget "travel-weather" */ = {
			isa = XCConfigurationList;
			buildConfigurations = (
				9E63367E23D5422700468158 /* Debug */,
				9E63367F23D5422700468158 /* Release */,
			);
			defaultConfigurationIsVisible = 0;
			defaultConfigurationName = Release;
		};
/* End XCConfigurationList section */

/* Begin XCVersionGroup section */
		9EFB9B13242019700042776D /* TravelWeather.xcdatamodeld */ = {
			isa = XCVersionGroup;
			children = (
				9EFB9B14242019700042776D /* TravelWeather.xcdatamodel */,
			);
			currentVersion = 9EFB9B14242019700042776D /* TravelWeather.xcdatamodel */;
			path = TravelWeather.xcdatamodeld;
			sourceTree = "<group>";
			versionGroupType = wrapper.xcdatamodel;
		};
/* End XCVersionGroup section */
	};
	rootObject = 9E63366123D5422400468158 /* Project object */;
}
