// !$*UTF8*$!
{
	archiveVersion = 1;
	classes = {
	};
	objectVersion = 50;
	objects = {

/* Begin PBXBuildFile section */
		9E63366D23D5422400468158 /* AppDelegate.swift in Sources */ = {isa = PBXBuildFile; fileRef = 9E63366C23D5422400468158 /* AppDelegate.swift */; };
		9E63366F23D5422400468158 /* SceneDelegate.swift in Sources */ = {isa = PBXBuildFile; fileRef = 9E63366E23D5422400468158 /* SceneDelegate.swift */; };
		9E63367423D5422400468158 /* Main.storyboard in Resources */ = {isa = PBXBuildFile; fileRef = 9E63367223D5422400468158 /* Main.storyboard */; };
		9E63367623D5422700468158 /* Assets.xcassets in Resources */ = {isa = PBXBuildFile; fileRef = 9E63367523D5422700468158 /* Assets.xcassets */; };
		9E63367923D5422700468158 /* LaunchScreen.storyboard in Resources */ = {isa = PBXBuildFile; fileRef = 9E63367723D5422700468158 /* LaunchScreen.storyboard */; };
		9E63368123D5478700468158 /* WeatherListViewController.swift in Sources */ = {isa = PBXBuildFile; fileRef = 9E63368023D5478700468158 /* WeatherListViewController.swift */; };
		9E63368323D54CE900468158 /* DayWeatherCell.xib in Resources */ = {isa = PBXBuildFile; fileRef = 9E63368223D54CE900468158 /* DayWeatherCell.xib */; };
		9E63368523D624ED00468158 /* DayWeatherCell.swift in Sources */ = {isa = PBXBuildFile; fileRef = 9E63368423D624ED00468158 /* DayWeatherCell.swift */; };
		9E63368923D62DD100468158 /* Default-568h@2x.png in Resources */ = {isa = PBXBuildFile; fileRef = 9E63368823D62DD100468158 /* Default-568h@2x.png */; };
		9E63368B23D6306800468158 /* DayWeather.swift in Sources */ = {isa = PBXBuildFile; fileRef = 9E63368A23D6306800468158 /* DayWeather.swift */; };
		9E63369123D641C700468158 /* WeatherList.swift in Sources */ = {isa = PBXBuildFile; fileRef = 9E63369023D641C700468158 /* WeatherList.swift */; };
/* End PBXBuildFile section */

/* Begin PBXFileReference section */
		9E63366923D5422400468158 /* Travel Weather.app */ = {isa = PBXFileReference; explicitFileType = wrapper.application; includeInIndex = 0; path = "Travel Weather.app"; sourceTree = BUILT_PRODUCTS_DIR; };
		9E63366C23D5422400468158 /* AppDelegate.swift */ = {isa = PBXFileReference; lastKnownFileType = sourcecode.swift; path = AppDelegate.swift; sourceTree = "<group>"; };
		9E63366E23D5422400468158 /* SceneDelegate.swift */ = {isa = PBXFileReference; lastKnownFileType = sourcecode.swift; path = SceneDelegate.swift; sourceTree = "<group>"; };
		9E63367323D5422400468158 /* Base */ = {isa = PBXFileReference; lastKnownFileType = file.storyboard; name = Base; path = Base.lproj/Main.storyboard; sourceTree = "<group>"; };
		9E63367523D5422700468158 /* Assets.xcassets */ = {isa = PBXFileReference; lastKnownFileType = folder.assetcatalog; name = Assets.xcassets; path = Resources/Assets.xcassets; sourceTree = "<group>"; };
		9E63367823D5422700468158 /* Base */ = {isa = PBXFileReference; lastKnownFileType = file.storyboard; name = Base; path = Base.lproj/LaunchScreen.storyboard; sourceTree = "<group>"; };
		9E63367A23D5422700468158 /* Info.plist */ = {isa = PBXFileReference; lastKnownFileType = text.plist; name = Info.plist; path = ../Info.plist; sourceTree = "<group>"; };
		9E63368023D5478700468158 /* WeatherListViewController.swift */ = {isa = PBXFileReference; lastKnownFileType = sourcecode.swift; path = WeatherListViewController.swift; sourceTree = "<group>"; };
		9E63368223D54CE900468158 /* DayWeatherCell.xib */ = {isa = PBXFileReference; lastKnownFileType = file.xib; path = DayWeatherCell.xib; sourceTree = "<group>"; };
		9E63368423D624ED00468158 /* DayWeatherCell.swift */ = {isa = PBXFileReference; lastKnownFileType = sourcecode.swift; path = DayWeatherCell.swift; sourceTree = "<group>"; };
		9E63368823D62DD100468158 /* Default-568h@2x.png */ = {isa = PBXFileReference; lastKnownFileType = image.png; path = "Default-568h@2x.png"; sourceTree = "<group>"; };
		9E63368A23D6306800468158 /* DayWeather.swift */ = {isa = PBXFileReference; lastKnownFileType = sourcecode.swift; path = DayWeather.swift; sourceTree = "<group>"; };
		9E63369023D641C700468158 /* WeatherList.swift */ = {isa = PBXFileReference; lastKnownFileType = sourcecode.swift; path = WeatherList.swift; sourceTree = "<group>"; };
/* End PBXFileReference section */

/* Begin PBXFrameworksBuildPhase section */
		9E63366623D5422400468158 /* Frameworks */ = {
			isa = PBXFrameworksBuildPhase;
			buildActionMask = 2147483647;
			files = (
			);
			runOnlyForDeploymentPostprocessing = 0;
		};
/* End PBXFrameworksBuildPhase section */

/* Begin PBXGroup section */
		9E63366023D5422400468158 = {
			isa = PBXGroup;
			children = (
				9E63368823D62DD100468158 /* Default-568h@2x.png */,
				9E63366B23D5422400468158 /* travel-weather */,
				9E63366A23D5422400468158 /* Products */,
			);
			sourceTree = "<group>";
		};
		9E63366A23D5422400468158 /* Products */ = {
			isa = PBXGroup;
			children = (
				9E63366923D5422400468158 /* Travel Weather.app */,
			);
			name = Products;
			sourceTree = "<group>";
		};
		9E63366B23D5422400468158 /* travel-weather */ = {
			isa = PBXGroup;
			children = (
				9E63367523D5422700468158 /* Assets.xcassets */,
				9E63368D23D6405E00468158 /* Data Models */,
				9E63368E23D640A800468158 /* View Controllers */,
				9E63368F23D640C900468158 /* Resources */,
			);
			path = "travel-weather";
			sourceTree = "<group>";
		};
		9E63368D23D6405E00468158 /* Data Models */ = {
			isa = PBXGroup;
			children = (
				9E63368A23D6306800468158 /* DayWeather.swift */,
				9E63369023D641C700468158 /* WeatherList.swift */,
			);
			path = "Data Models";
			sourceTree = "<group>";
		};
		9E63368E23D640A800468158 /* View Controllers */ = {
			isa = PBXGroup;
			children = (
				9E63368023D5478700468158 /* WeatherListViewController.swift */,
			);
			path = "View Controllers";
			sourceTree = "<group>";
		};
		9E63368F23D640C900468158 /* Resources */ = {
			isa = PBXGroup;
			children = (
				9E63368423D624ED00468158 /* DayWeatherCell.swift */,
				9E63368223D54CE900468158 /* DayWeatherCell.xib */,
				9E63367223D5422400468158 /* Main.storyboard */,
				9E63367723D5422700468158 /* LaunchScreen.storyboard */,
				9E63366E23D5422400468158 /* SceneDelegate.swift */,
				9E63366C23D5422400468158 /* AppDelegate.swift */,
				9E63367A23D5422700468158 /* Info.plist */,
			);
			path = Resources;
			sourceTree = "<group>";
		};
/* End PBXGroup section */

/* Begin PBXNativeTarget section */
		9E63366823D5422400468158 /* travel-weather */ = {
			isa = PBXNativeTarget;
			buildConfigurationList = 9E63367D23D5422700468158 /* Build configuration list for PBXNativeTarget "travel-weather" */;
			buildPhases = (
				9E63366523D5422400468158 /* Sources */,
				9E63366623D5422400468158 /* Frameworks */,
				9E63366723D5422400468158 /* Resources */,
			);
			buildRules = (
			);
			dependencies = (
			);
			name = "travel-weather";
			productName = "Travel Weather";
			productReference = 9E63366923D5422400468158 /* Travel Weather.app */;
			productType = "com.apple.product-type.application";
		};
/* End PBXNativeTarget section */

/* Begin PBXProject section */
		9E63366123D5422400468158 /* Project object */ = {
			isa = PBXProject;
			attributes = {
				LastSwiftUpdateCheck = 1120;
				LastUpgradeCheck = 1120;
				ORGANIZATIONNAME = "Renee Sajedian";
				TargetAttributes = {
					9E63366823D5422400468158 = {
						CreatedOnToolsVersion = 11.2.1;
					};
				};
			};
			buildConfigurationList = 9E63366423D5422400468158 /* Build configuration list for PBXProject "travel-weather" */;
			compatibilityVersion = "Xcode 9.3";
			developmentRegion = en;
			hasScannedForEncodings = 0;
			knownRegions = (
				en,
				Base,
			);
			mainGroup = 9E63366023D5422400468158;
			productRefGroup = 9E63366A23D5422400468158 /* Products */;
			projectDirPath = "";
			projectRoot = "";
			targets = (
				9E63366823D5422400468158 /* travel-weather */,
			);
		};
/* End PBXProject section */

/* Begin PBXResourcesBuildPhase section */
		9E63366723D5422400468158 /* Resources */ = {
			isa = PBXResourcesBuildPhase;
			buildActionMask = 2147483647;
			files = (
				9E63367923D5422700468158 /* LaunchScreen.storyboard in Resources */,
				9E63368323D54CE900468158 /* DayWeatherCell.xib in Resources */,
				9E63367623D5422700468158 /* Assets.xcassets in Resources */,
				9E63368923D62DD100468158 /* Default-568h@2x.png in Resources */,
				9E63367423D5422400468158 /* Main.storyboard in Resources */,
			);
			runOnlyForDeploymentPostprocessing = 0;
		};
/* End PBXResourcesBuildPhase section */

/* Begin PBXSourcesBuildPhase section */
		9E63366523D5422400468158 /* Sources */ = {
			isa = PBXSourcesBuildPhase;
			buildActionMask = 2147483647;
			files = (
				9E63368123D5478700468158 /* WeatherListViewController.swift in Sources */,
				9E63368523D624ED00468158 /* DayWeatherCell.swift in Sources */,
				9E63369123D641C700468158 /* WeatherList.swift in Sources */,
				9E63368B23D6306800468158 /* DayWeather.swift in Sources */,
				9E63366D23D5422400468158 /* AppDelegate.swift in Sources */,
				9E63366F23D5422400468158 /* SceneDelegate.swift in Sources */,
			);
			runOnlyForDeploymentPostprocessing = 0;
		};
/* End PBXSourcesBuildPhase section */

/* Begin PBXVariantGroup section */
		9E63367223D5422400468158 /* Main.storyboard */ = {
			isa = PBXVariantGroup;
			children = (
				9E63367323D5422400468158 /* Base */,
			);
			name = Main.storyboard;
			sourceTree = "<group>";
		};
		9E63367723D5422700468158 /* LaunchScreen.storyboard */ = {
			isa = PBXVariantGroup;
			children = (
				9E63367823D5422700468158 /* Base */,
			);
			name = LaunchScreen.storyboard;
			sourceTree = "<group>";
		};
/* End PBXVariantGroup section */

/* Begin XCBuildConfiguration section */
		9E63367B23D5422700468158 /* Debug */ = {
			isa = XCBuildConfiguration;
			buildSettings = {
				ALWAYS_SEARCH_USER_PATHS = NO;
				CLANG_ANALYZER_NONNULL = YES;
				CLANG_ANALYZER_NUMBER_OBJECT_CONVERSION = YES_AGGRESSIVE;
				CLANG_CXX_LANGUAGE_STANDARD = "gnu++14";
				CLANG_CXX_LIBRARY = "libc++";
				CLANG_ENABLE_MODULES = YES;
				CLANG_ENABLE_OBJC_ARC = YES;
				CLANG_ENABLE_OBJC_WEAK = YES;
				CLANG_WARN_BLOCK_CAPTURE_AUTORELEASING = YES;
				CLANG_WARN_BOOL_CONVERSION = YES;
				CLANG_WARN_COMMA = YES;
				CLANG_WARN_CONSTANT_CONVERSION = YES;
				CLANG_WARN_DEPRECATED_OBJC_IMPLEMENTATIONS = YES;
				CLANG_WARN_DIRECT_OBJC_ISA_USAGE = YES_ERROR;
				CLANG_WARN_DOCUMENTATION_COMMENTS = YES;
				CLANG_WARN_EMPTY_BODY = YES;
				CLANG_WARN_ENUM_CONVERSION = YES;
				CLANG_WARN_INFINITE_RECURSION = YES;
				CLANG_WARN_INT_CONVERSION = YES;
				CLANG_WARN_NON_LITERAL_NULL_CONVERSION = YES;
				CLANG_WARN_OBJC_IMPLICIT_RETAIN_SELF = YES;
				CLANG_WARN_OBJC_LITERAL_CONVERSION = YES;
				CLANG_WARN_OBJC_ROOT_CLASS = YES_ERROR;
				CLANG_WARN_RANGE_LOOP_ANALYSIS = YES;
				CLANG_WARN_STRICT_PROTOTYPES = YES;
				CLANG_WARN_SUSPICIOUS_MOVE = YES;
				CLANG_WARN_UNGUARDED_AVAILABILITY = YES_AGGRESSIVE;
				CLANG_WARN_UNREACHABLE_CODE = YES;
				CLANG_WARN__DUPLICATE_METHOD_MATCH = YES;
				COPY_PHASE_STRIP = NO;
				DEBUG_INFORMATION_FORMAT = dwarf;
				ENABLE_STRICT_OBJC_MSGSEND = YES;
				ENABLE_TESTABILITY = YES;
				GCC_C_LANGUAGE_STANDARD = gnu11;
				GCC_DYNAMIC_NO_PIC = NO;
				GCC_NO_COMMON_BLOCKS = YES;
				GCC_OPTIMIZATION_LEVEL = 0;
				GCC_PREPROCESSOR_DEFINITIONS = (
					"DEBUG=1",
					"$(inherited)",
				);
				GCC_WARN_64_TO_32_BIT_CONVERSION = YES;
				GCC_WARN_ABOUT_RETURN_TYPE = YES_ERROR;
				GCC_WARN_UNDECLARED_SELECTOR = YES;
				GCC_WARN_UNINITIALIZED_AUTOS = YES_AGGRESSIVE;
				GCC_WARN_UNUSED_FUNCTION = YES;
				GCC_WARN_UNUSED_VARIABLE = YES;
				IPHONEOS_DEPLOYMENT_TARGET = 13.2;
				MTL_ENABLE_DEBUG_INFO = INCLUDE_SOURCE;
				MTL_FAST_MATH = YES;
				ONLY_ACTIVE_ARCH = YES;
				SDKROOT = iphoneos;
				SWIFT_ACTIVE_COMPILATION_CONDITIONS = DEBUG;
				SWIFT_OPTIMIZATION_LEVEL = "-Onone";
			};
			name = Debug;
		};
		9E63367C23D5422700468158 /* Release */ = {
			isa = XCBuildConfiguration;
			buildSettings = {
				ALWAYS_SEARCH_USER_PATHS = NO;
				CLANG_ANALYZER_NONNULL = YES;
				CLANG_ANALYZER_NUMBER_OBJECT_CONVERSION = YES_AGGRESSIVE;
				CLANG_CXX_LANGUAGE_STANDARD = "gnu++14";
				CLANG_CXX_LIBRARY = "libc++";
				CLANG_ENABLE_MODULES = YES;
				CLANG_ENABLE_OBJC_ARC = YES;
				CLANG_ENABLE_OBJC_WEAK = YES;
				CLANG_WARN_BLOCK_CAPTURE_AUTORELEASING = YES;
				CLANG_WARN_BOOL_CONVERSION = YES;
				CLANG_WARN_COMMA = YES;
				CLANG_WARN_CONSTANT_CONVERSION = YES;
				CLANG_WARN_DEPRECATED_OBJC_IMPLEMENTATIONS = YES;
				CLANG_WARN_DIRECT_OBJC_ISA_USAGE = YES_ERROR;
				CLANG_WARN_DOCUMENTATION_COMMENTS = YES;
				CLANG_WARN_EMPTY_BODY = YES;
				CLANG_WARN_ENUM_CONVERSION = YES;
				CLANG_WARN_INFINITE_RECURSION = YES;
				CLANG_WARN_INT_CONVERSION = YES;
				CLANG_WARN_NON_LITERAL_NULL_CONVERSION = YES;
				CLANG_WARN_OBJC_IMPLICIT_RETAIN_SELF = YES;
				CLANG_WARN_OBJC_LITERAL_CONVERSION = YES;
				CLANG_WARN_OBJC_ROOT_CLASS = YES_ERROR;
				CLANG_WARN_RANGE_LOOP_ANALYSIS = YES;
				CLANG_WARN_STRICT_PROTOTYPES = YES;
				CLANG_WARN_SUSPICIOUS_MOVE = YES;
				CLANG_WARN_UNGUARDED_AVAILABILITY = YES_AGGRESSIVE;
				CLANG_WARN_UNREACHABLE_CODE = YES;
				CLANG_WARN__DUPLICATE_METHOD_MATCH = YES;
				COPY_PHASE_STRIP = NO;
				DEBUG_INFORMATION_FORMAT = "dwarf-with-dsym";
				ENABLE_NS_ASSERTIONS = NO;
				ENABLE_STRICT_OBJC_MSGSEND = YES;
				GCC_C_LANGUAGE_STANDARD = gnu11;
				GCC_NO_COMMON_BLOCKS = YES;
				GCC_WARN_64_TO_32_BIT_CONVERSION = YES;
				GCC_WARN_ABOUT_RETURN_TYPE = YES_ERROR;
				GCC_WARN_UNDECLARED_SELECTOR = YES;
				GCC_WARN_UNINITIALIZED_AUTOS = YES_AGGRESSIVE;
				GCC_WARN_UNUSED_FUNCTION = YES;
				GCC_WARN_UNUSED_VARIABLE = YES;
				IPHONEOS_DEPLOYMENT_TARGET = 13.2;
				MTL_ENABLE_DEBUG_INFO = NO;
				MTL_FAST_MATH = YES;
				SDKROOT = iphoneos;
				SWIFT_COMPILATION_MODE = wholemodule;
				SWIFT_OPTIMIZATION_LEVEL = "-O";
				VALIDATE_PRODUCT = YES;
			};
			name = Release;
		};
		9E63367E23D5422700468158 /* Debug */ = {
			isa = XCBuildConfiguration;
			buildSettings = {
				CODE_SIGN_STYLE = Automatic;
				DEVELOPMENT_TEAM = TLNU8LHLC5;
				INFOPLIST_FILE = "travel-weather/Resources/Info.plist";
				LD_RUNPATH_SEARCH_PATHS = (
					"$(inherited)",
					"@executable_path/Frameworks",
				);
				PRODUCT_BUNDLE_IDENTIFIER = "com.sajedian.Travel-Weather";
				PRODUCT_NAME = "Travel Weather";
				SWIFT_VERSION = 5.0;
				TARGETED_DEVICE_FAMILY = "1,2";
			};
			name = Debug;
		};
		9E63367F23D5422700468158 /* Release */ = {
			isa = XCBuildConfiguration;
			buildSettings = {
				CODE_SIGN_STYLE = Automatic;
				DEVELOPMENT_TEAM = TLNU8LHLC5;
				INFOPLIST_FILE = "travel-weather/Resources/Info.plist";
				LD_RUNPATH_SEARCH_PATHS = (
					"$(inherited)",
					"@executable_path/Frameworks",
				);
				PRODUCT_BUNDLE_IDENTIFIER = "com.sajedian.Travel-Weather";
				PRODUCT_NAME = "Travel Weather";
				SWIFT_VERSION = 5.0;
				TARGETED_DEVICE_FAMILY = "1,2";
			};
			name = Release;
		};
/* End XCBuildConfiguration section */

/* Begin XCConfigurationList section */
		9E63366423D5422400468158 /* Build configuration list for PBXProject "travel-weather" */ = {
			isa = XCConfigurationList;
			buildConfigurations = (
				9E63367B23D5422700468158 /* Debug */,
				9E63367C23D5422700468158 /* Release */,
			);
			defaultConfigurationIsVisible = 0;
			defaultConfigurationName = Release;
		};
		9E63367D23D5422700468158 /* Build configuration list for PBXNativeTarget "travel-weather" */ = {
			isa = XCConfigurationList;
			buildConfigurations = (
				9E63367E23D5422700468158 /* Debug */,
				9E63367F23D5422700468158 /* Release */,
			);
			defaultConfigurationIsVisible = 0;
			defaultConfigurationName = Release;
		};
/* End XCConfigurationList section */
	};
	rootObject = 9E63366123D5422400468158 /* Project object */;
}
